{
  "name": "eclipsescript",
  "version": "1.0.0",
  "lockfileVersion": 2,
  "requires": true,
  "packages": {
    "": {
      "name": "eclipsescript",
      "version": "1.0.0",
      "license": "MIT",
      "dependencies": {
        "fs": "*",
        "gelex": "^0.0.7",
        "readline": "^1.3.0"
      }
    },
    "node_modules/fs": {
      "version": "0.0.1-security",
      "resolved": "https://registry.npmjs.org/fs/-/fs-0.0.1-security.tgz",
      "integrity": "sha1-invTcYa23d84E/I4WLV+yq9eQdQ="
    },
    "node_modules/gelex": {
      "version": "0.0.7",
      "resolved": "https://registry.npmjs.org/gelex/-/gelex-0.0.7.tgz",
      "integrity": "sha512-WW8MOYb6kCepS3GdtKfQCYR6z1w0YJEEE4Bj75l2GK5yRl1F+NtR/n7NBjozuSYw2gP+EvE0XQGSRhVC/lSNSQ==",
      "engines": {
        "node": ">= 8.0.0"
      }
    },
    "node_modules/readline": {
      "version": "1.3.0",
      "resolved": "https://registry.npmjs.org/readline/-/readline-1.3.0.tgz",
      "integrity": "sha1-xYDXfvLPyHUrEySYBg3JeTp6wBw="
    }
  },
  "dependencies": {
    "fs": {
      "version": "0.0.1-security",
      "resolved": "https://registry.npmjs.org/fs/-/fs-0.0.1-security.tgz",
      "integrity": "sha1-invTcYa23d84E/I4WLV+yq9eQdQ="
    },
    "gelex": {
      "version": "0.0.7",
      "resolved": "https://registry.npmjs.org/gelex/-/gelex-0.0.7.tgz",
      "integrity": "sha512-WW8MOYb6kCepS3GdtKfQCYR6z1w0YJEEE4Bj75l2GK5yRl1F+NtR/n7NBjozuSYw2gP+EvE0XQGSRhVC/lSNSQ=="
    },
    "readline": {
      "version": "1.3.0",
      "resolved": "https://registry.npmjs.org/readline/-/readline-1.3.0.tgz",
      "integrity": "sha1-xYDXfvLPyHUrEySYBg3JeTp6wBw="
    }
  }
}
